// !$*UTF8*$!
{
	archiveVersion = 1;
	classes = {
	};
	objectVersion = 56;
	objects = {

/* Begin PBXBuildFile section */
		8D99E5AF2B25924F0030C281 /* AppDelegate.m in Sources */ = {isa = PBXBuildFile; fileRef = 8D99E5AE2B25924F0030C281 /* AppDelegate.m */; };
		8D99E5B22B25924F0030C281 /* SceneDelegate.m in Sources */ = {isa = PBXBuildFile; fileRef = 8D99E5B12B25924F0030C281 /* SceneDelegate.m */; };
		8D99E5B52B25924F0030C281 /* ViewController.m in Sources */ = {isa = PBXBuildFile; fileRef = 8D99E5B42B25924F0030C281 /* ViewController.m */; };
		8D99E5B82B25924F0030C281 /* Main.storyboard in Resources */ = {isa = PBXBuildFile; fileRef = 8D99E5B62B25924F0030C281 /* Main.storyboard */; };
		8D99E5BA2B2592520030C281 /* Assets.xcassets in Resources */ = {isa = PBXBuildFile; fileRef = 8D99E5B92B2592520030C281 /* Assets.xcassets */; };
		8D99E5BD2B2592520030C281 /* LaunchScreen.storyboard in Resources */ = {isa = PBXBuildFile; fileRef = 8D99E5BB2B2592520030C281 /* LaunchScreen.storyboard */; };
		8D99E5C02B2592520030C281 /* main.m in Sources */ = {isa = PBXBuildFile; fileRef = 8D99E5BF2B2592520030C281 /* main.m */; };
		8D99E5CA2B2592530030C281 /* threeTests.m in Sources */ = {isa = PBXBuildFile; fileRef = 8D99E5C92B2592530030C281 /* threeTests.m */; };
		8D99E5D42B2592530030C281 /* threeUITests.m in Sources */ = {isa = PBXBuildFile; fileRef = 8D99E5D32B2592530030C281 /* threeUITests.m */; };
		8D99E5D62B2592530030C281 /* threeUITestsLaunchTests.m in Sources */ = {isa = PBXBuildFile; fileRef = 8D99E5D52B2592530030C281 /* threeUITestsLaunchTests.m */; };
		8D99E5E42B2592870030C281 /* MineViewController.m in Sources */ = {isa = PBXBuildFile; fileRef = 8D99E5E32B2592870030C281 /* MineViewController.m */; };
		8D99E5EB2B25C8D90030C281 /* MineTableViewCell.m in Sources */ = {isa = PBXBuildFile; fileRef = 8D99E5EA2B25C8D90030C281 /* MineTableViewCell.m */; };
		8D99E5EE2B25D0AF0030C281 /* SettingTableViewCell.m in Sources */ = {isa = PBXBuildFile; fileRef = 8D99E5ED2B25D0AF0030C281 /* SettingTableViewCell.m */; };
		8D99E5F32B25EA290030C281 /* DataViewController.m in Sources */ = {isa = PBXBuildFile; fileRef = 8D99E5F22B25EA290030C281 /* DataViewController.m */; };
		8D99E5FE2B26A9980030C281 /* AlterViewController.m in Sources */ = {isa = PBXBuildFile; fileRef = 8D99E5FD2B26A9980030C281 /* AlterViewController.m */; };
		8D99E6022B26D5930030C281 /* LoginViewController.m in Sources */ = {isa = PBXBuildFile; fileRef = 8D99E6012B26D5930030C281 /* LoginViewController.m */; };
		8D99E60A2B275FC30030C281 /* 淘牛马.jpeg in Resources */ = {isa = PBXBuildFile; fileRef = 8D99E6092B275FC30030C281 /* 淘牛马.jpeg */; };
/* End PBXBuildFile section */

/* Begin PBXContainerItemProxy section */
		8D99E5C62B2592530030C281 /* PBXContainerItemProxy */ = {
			isa = PBXContainerItemProxy;
			containerPortal = 8D99E5A22B25924F0030C281 /* Project object */;
			proxyType = 1;
			remoteGlobalIDString = 8D99E5A92B25924F0030C281;
			remoteInfo = three;
		};
		8D99E5D02B2592530030C281 /* PBXContainerItemProxy */ = {
			isa = PBXContainerItemProxy;
			containerPortal = 8D99E5A22B25924F0030C281 /* Project object */;
			proxyType = 1;
			remoteGlobalIDString = 8D99E5A92B25924F0030C281;
			remoteInfo = three;
		};
/* End PBXContainerItemProxy section */

/* Begin PBXFileReference section */
		8D99E5AA2B25924F0030C281 /* three.app */ = {isa = PBXFileReference; explicitFileType = wrapper.application; includeInIndex = 0; path = three.app; sourceTree = BUILT_PRODUCTS_DIR; };
		8D99E5AD2B25924F0030C281 /* AppDelegate.h */ = {isa = PBXFileReference; lastKnownFileType = sourcecode.c.h; path = AppDelegate.h; sourceTree = "<group>"; };
		8D99E5AE2B25924F0030C281 /* AppDelegate.m */ = {isa = PBXFileReference; lastKnownFileType = sourcecode.c.objc; path = AppDelegate.m; sourceTree = "<group>"; };
		8D99E5B02B25924F0030C281 /* SceneDelegate.h */ = {isa = PBXFileReference; lastKnownFileType = sourcecode.c.h; path = SceneDelegate.h; sourceTree = "<group>"; };
		8D99E5B12B25924F0030C281 /* SceneDelegate.m */ = {isa = PBXFileReference; lastKnownFileType = sourcecode.c.objc; path = SceneDelegate.m; sourceTree = "<group>"; };
		8D99E5B32B25924F0030C281 /* ViewController.h */ = {isa = PBXFileReference; lastKnownFileType = sourcecode.c.h; path = ViewController.h; sourceTree = "<group>"; };
		8D99E5B42B25924F0030C281 /* ViewController.m */ = {isa = PBXFileReference; lastKnownFileType = sourcecode.c.objc; path = ViewController.m; sourceTree = "<group>"; };
		8D99E5B72B25924F0030C281 /* Base */ = {isa = PBXFileReference; lastKnownFileType = file.storyboard; name = Base; path = Base.lproj/Main.storyboard; sourceTree = "<group>"; };
		8D99E5B92B2592520030C281 /* Assets.xcassets */ = {isa = PBXFileReference; lastKnownFileType = folder.assetcatalog; path = Assets.xcassets; sourceTree = "<group>"; };
		8D99E5BC2B2592520030C281 /* Base */ = {isa = PBXFileReference; lastKnownFileType = file.storyboard; name = Base; path = Base.lproj/LaunchScreen.storyboard; sourceTree = "<group>"; };
		8D99E5BE2B2592520030C281 /* Info.plist */ = {isa = PBXFileReference; lastKnownFileType = text.plist.xml; path = Info.plist; sourceTree = "<group>"; };
		8D99E5BF2B2592520030C281 /* main.m */ = {isa = PBXFileReference; lastKnownFileType = sourcecode.c.objc; path = main.m; sourceTree = "<group>"; };
		8D99E5C52B2592530030C281 /* threeTests.xctest */ = {isa = PBXFileReference; explicitFileType = wrapper.cfbundle; includeInIndex = 0; path = threeTests.xctest; sourceTree = BUILT_PRODUCTS_DIR; };
		8D99E5C92B2592530030C281 /* threeTests.m */ = {isa = PBXFileReference; lastKnownFileType = sourcecode.c.objc; path = threeTests.m; sourceTree = "<group>"; };
		8D99E5CF2B2592530030C281 /* threeUITests.xctest */ = {isa = PBXFileReference; explicitFileType = wrapper.cfbundle; includeInIndex = 0; path = threeUITests.xctest; sourceTree = BUILT_PRODUCTS_DIR; };
		8D99E5D32B2592530030C281 /* threeUITests.m */ = {isa = PBXFileReference; lastKnownFileType = sourcecode.c.objc; path = threeUITests.m; sourceTree = "<group>"; };
		8D99E5D52B2592530030C281 /* threeUITestsLaunchTests.m */ = {isa = PBXFileReference; lastKnownFileType = sourcecode.c.objc; path = threeUITestsLaunchTests.m; sourceTree = "<group>"; };
		8D99E5E22B2592870030C281 /* MineViewController.h */ = {isa = PBXFileReference; lastKnownFileType = sourcecode.c.h; path = MineViewController.h; sourceTree = "<group>"; };
		8D99E5E32B2592870030C281 /* MineViewController.m */ = {isa = PBXFileReference; lastKnownFileType = sourcecode.c.objc; path = MineViewController.m; sourceTree = "<group>"; };
		8D99E5E92B25C8D90030C281 /* MineTableViewCell.h */ = {isa = PBXFileReference; lastKnownFileType = sourcecode.c.h; path = MineTableViewCell.h; sourceTree = "<group>"; };
		8D99E5EA2B25C8D90030C281 /* MineTableViewCell.m */ = {isa = PBXFileReference; lastKnownFileType = sourcecode.c.objc; path = MineTableViewCell.m; sourceTree = "<group>"; };
		8D99E5EC2B25D0AF0030C281 /* SettingTableViewCell.h */ = {isa = PBXFileReference; lastKnownFileType = sourcecode.c.h; path = SettingTableViewCell.h; sourceTree = "<group>"; };
		8D99E5ED2B25D0AF0030C281 /* SettingTableViewCell.m */ = {isa = PBXFileReference; lastKnownFileType = sourcecode.c.objc; path = SettingTableViewCell.m; sourceTree = "<group>"; };
		8D99E5F12B25EA290030C281 /* DataViewController.h */ = {isa = PBXFileReference; lastKnownFileType = sourcecode.c.h; path = DataViewController.h; sourceTree = "<group>"; };
		8D99E5F22B25EA290030C281 /* DataViewController.m */ = {isa = PBXFileReference; lastKnownFileType = sourcecode.c.objc; path = DataViewController.m; sourceTree = "<group>"; };
		8D99E5FC2B26A9980030C281 /* AlterViewController.h */ = {isa = PBXFileReference; lastKnownFileType = sourcecode.c.h; path = AlterViewController.h; sourceTree = "<group>"; };
		8D99E5FD2B26A9980030C281 /* AlterViewController.m */ = {isa = PBXFileReference; lastKnownFileType = sourcecode.c.objc; path = AlterViewController.m; sourceTree = "<group>"; };
		8D99E6002B26D5930030C281 /* LoginViewController.h */ = {isa = PBXFileReference; lastKnownFileType = sourcecode.c.h; path = LoginViewController.h; sourceTree = "<group>"; };
		8D99E6012B26D5930030C281 /* LoginViewController.m */ = {isa = PBXFileReference; lastKnownFileType = sourcecode.c.objc; path = LoginViewController.m; sourceTree = "<group>"; };
		8D99E6092B275FC30030C281 /* 淘牛马.jpeg */ = {isa = PBXFileReference; lastKnownFileType = image.jpeg; name = "淘牛马.jpeg"; path = "../../../../淘牛马.jpeg"; sourceTree = "<group>"; };
/* End PBXFileReference section */

/* Begin PBXFrameworksBuildPhase section */
		8D99E5A72B25924F0030C281 /* Frameworks */ = {
			isa = PBXFrameworksBuildPhase;
			buildActionMask = 2147483647;
			files = (
			);
			runOnlyForDeploymentPostprocessing = 0;
		};
		8D99E5C22B2592530030C281 /* Frameworks */ = {
			isa = PBXFrameworksBuildPhase;
			buildActionMask = 2147483647;
			files = (
			);
			runOnlyForDeploymentPostprocessing = 0;
		};
		8D99E5CC2B2592530030C281 /* Frameworks */ = {
			isa = PBXFrameworksBuildPhase;
			buildActionMask = 2147483647;
			files = (
			);
			runOnlyForDeploymentPostprocessing = 0;
		};
/* End PBXFrameworksBuildPhase section */

/* Begin PBXGroup section */
		8D99E5A12B25924F0030C281 = {
			isa = PBXGroup;
			children = (
				8D99E5AC2B25924F0030C281 /* three */,
				8D99E5C82B2592530030C281 /* threeTests */,
				8D99E5D22B2592530030C281 /* threeUITests */,
				8D99E5AB2B25924F0030C281 /* Products */,
			);
			sourceTree = "<group>";
		};
		8D99E5AB2B25924F0030C281 /* Products */ = {
			isa = PBXGroup;
			children = (
				8D99E5AA2B25924F0030C281 /* three.app */,
				8D99E5C52B2592530030C281 /* threeTests.xctest */,
				8D99E5CF2B2592530030C281 /* threeUITests.xctest */,
			);
			name = Products;
			sourceTree = "<group>";
		};
		8D99E5AC2B25924F0030C281 /* three */ = {
			isa = PBXGroup;
			children = (
				8D99E6092B275FC30030C281 /* 淘牛马.jpeg */,
				8D99E5FF2B26D55B0030C281 /* Login */,
				8D99E5E52B2592930030C281 /* Mine */,
				8D99E5AD2B25924F0030C281 /* AppDelegate.h */,
				8D99E5AE2B25924F0030C281 /* AppDelegate.m */,
				8D99E5B02B25924F0030C281 /* SceneDelegate.h */,
				8D99E5B12B25924F0030C281 /* SceneDelegate.m */,
				8D99E5B32B25924F0030C281 /* ViewController.h */,
				8D99E5B42B25924F0030C281 /* ViewController.m */,
				8D99E5B62B25924F0030C281 /* Main.storyboard */,
				8D99E5B92B2592520030C281 /* Assets.xcassets */,
				8D99E5BB2B2592520030C281 /* LaunchScreen.storyboard */,
				8D99E5BE2B2592520030C281 /* Info.plist */,
				8D99E5BF2B2592520030C281 /* main.m */,
			);
			path = three;
			sourceTree = "<group>";
		};
		8D99E5C82B2592530030C281 /* threeTests */ = {
			isa = PBXGroup;
			children = (
				8D99E5C92B2592530030C281 /* threeTests.m */,
			);
			path = threeTests;
			sourceTree = "<group>";
		};
		8D99E5D22B2592530030C281 /* threeUITests */ = {
			isa = PBXGroup;
			children = (
				8D99E5D32B2592530030C281 /* threeUITests.m */,
				8D99E5D52B2592530030C281 /* threeUITestsLaunchTests.m */,
			);
			path = threeUITests;
			sourceTree = "<group>";
		};
		8D99E5E52B2592930030C281 /* Mine */ = {
			isa = PBXGroup;
			children = (
				8D99E5F92B25EA9C0030C281 /* Data */,
				8D99E5F62B25EA640030C281 /* Main */,
			);
			path = Mine;
			sourceTree = "<group>";
		};
		8D99E5F62B25EA640030C281 /* Main */ = {
			isa = PBXGroup;
			children = (
				8D99E5F82B25EA850030C281 /* V */,
				8D99E5F72B25EA7C0030C281 /* C */,
			);
			path = Main;
			sourceTree = "<group>";
		};
		8D99E5F72B25EA7C0030C281 /* C */ = {
			isa = PBXGroup;
			children = (
				8D99E5E22B2592870030C281 /* MineViewController.h */,
				8D99E5E32B2592870030C281 /* MineViewController.m */,
			);
			path = C;
			sourceTree = "<group>";
		};
		8D99E5F82B25EA850030C281 /* V */ = {
			isa = PBXGroup;
			children = (
				8D99E5E92B25C8D90030C281 /* MineTableViewCell.h */,
				8D99E5EA2B25C8D90030C281 /* MineTableViewCell.m */,
				8D99E5EC2B25D0AF0030C281 /* SettingTableViewCell.h */,
				8D99E5ED2B25D0AF0030C281 /* SettingTableViewCell.m */,
			);
			path = V;
			sourceTree = "<group>";
		};
		8D99E5F92B25EA9C0030C281 /* Data */ = {
			isa = PBXGroup;
			children = (
				8D99E5FB2B26A9730030C281 /* Alter */,
				8D99E5FA2B25EAA90030C281 /* C */,
			);
			path = Data;
			sourceTree = "<group>";
		};
		8D99E5FA2B25EAA90030C281 /* C */ = {
			isa = PBXGroup;
			children = (
				8D99E5F12B25EA290030C281 /* DataViewController.h */,
				8D99E5F22B25EA290030C281 /* DataViewController.m */,
			);
			path = C;
			sourceTree = "<group>";
		};
		8D99E5FB2B26A9730030C281 /* Alter */ = {
			isa = PBXGroup;
			children = (
				8D99E5FC2B26A9980030C281 /* AlterViewController.h */,
				8D99E5FD2B26A9980030C281 /* AlterViewController.m */,
			);
			path = Alter;
			sourceTree = "<group>";
		};
		8D99E5FF2B26D55B0030C281 /* Login */ = {
			isa = PBXGroup;
			children = (
				8D99E6002B26D5930030C281 /* LoginViewController.h */,
				8D99E6012B26D5930030C281 /* LoginViewController.m */,
			);
			path = Login;
			sourceTree = "<group>";
		};
/* End PBXGroup section */

/* Begin PBXNativeTarget section */
		8D99E5A92B25924F0030C281 /* three */ = {
			isa = PBXNativeTarget;
			buildConfigurationList = 8D99E5D92B2592530030C281 /* Build configuration list for PBXNativeTarget "three" */;
			buildPhases = (
				8D99E5A62B25924F0030C281 /* Sources */,
				8D99E5A72B25924F0030C281 /* Frameworks */,
				8D99E5A82B25924F0030C281 /* Resources */,
			);
			buildRules = (
			);
			dependencies = (
			);
			name = three;
			productName = three;
			productReference = 8D99E5AA2B25924F0030C281 /* three.app */;
			productType = "com.apple.product-type.application";
		};
		8D99E5C42B2592530030C281 /* threeTests */ = {
			isa = PBXNativeTarget;
			buildConfigurationList = 8D99E5DC2B2592530030C281 /* Build configuration list for PBXNativeTarget "threeTests" */;
			buildPhases = (
				8D99E5C12B2592530030C281 /* Sources */,
				8D99E5C22B2592530030C281 /* Frameworks */,
				8D99E5C32B2592530030C281 /* Resources */,
			);
			buildRules = (
			);
			dependencies = (
				8D99E5C72B2592530030C281 /* PBXTargetDependency */,
			);
			name = threeTests;
			productName = threeTests;
			productReference = 8D99E5C52B2592530030C281 /* threeTests.xctest */;
			productType = "com.apple.product-type.bundle.unit-test";
		};
		8D99E5CE2B2592530030C281 /* threeUITests */ = {
			isa = PBXNativeTarget;
			buildConfigurationList = 8D99E5DF2B2592530030C281 /* Build configuration list for PBXNativeTarget "threeUITests" */;
			buildPhases = (
				8D99E5CB2B2592530030C281 /* Sources */,
				8D99E5CC2B2592530030C281 /* Frameworks */,
				8D99E5CD2B2592530030C281 /* Resources */,
			);
			buildRules = (
			);
			dependencies = (
				8D99E5D12B2592530030C281 /* PBXTargetDependency */,
			);
			name = threeUITests;
			productName = threeUITests;
			productReference = 8D99E5CF2B2592530030C281 /* threeUITests.xctest */;
			productType = "com.apple.product-type.bundle.ui-testing";
		};
/* End PBXNativeTarget section */

/* Begin PBXProject section */
		8D99E5A22B25924F0030C281 /* Project object */ = {
			isa = PBXProject;
			attributes = {
				BuildIndependentTargetsInParallel = 1;
				LastUpgradeCheck = 1500;
				TargetAttributes = {
					8D99E5A92B25924F0030C281 = {
						CreatedOnToolsVersion = 15.0.1;
					};
					8D99E5C42B2592530030C281 = {
						CreatedOnToolsVersion = 15.0.1;
						TestTargetID = 8D99E5A92B25924F0030C281;
					};
					8D99E5CE2B2592530030C281 = {
						CreatedOnToolsVersion = 15.0.1;
						TestTargetID = 8D99E5A92B25924F0030C281;
					};
				};
			};
			buildConfigurationList = 8D99E5A52B25924F0030C281 /* Build configuration list for PBXProject "three" */;
			compatibilityVersion = "Xcode 14.0";
			developmentRegion = en;
			hasScannedForEncodings = 0;
			knownRegions = (
				en,
				Base,
			);
			mainGroup = 8D99E5A12B25924F0030C281;
			productRefGroup = 8D99E5AB2B25924F0030C281 /* Products */;
			projectDirPath = "";
			projectRoot = "";
			targets = (
				8D99E5A92B25924F0030C281 /* three */,
				8D99E5C42B2592530030C281 /* threeTests */,
				8D99E5CE2B2592530030C281 /* threeUITests */,
			);
		};
/* End PBXProject section */

/* Begin PBXResourcesBuildPhase section */
		8D99E5A82B25924F0030C281 /* Resources */ = {
			isa = PBXResourcesBuildPhase;
			buildActionMask = 2147483647;
			files = (
				8D99E5BD2B2592520030C281 /* LaunchScreen.storyboard in Resources */,
				8D99E5BA2B2592520030C281 /* Assets.xcassets in Resources */,
				8D99E5B82B25924F0030C281 /* Main.storyboard in Resources */,
				8D99E60A2B275FC30030C281 /* 淘牛马.jpeg in Resources */,
			);
			runOnlyForDeploymentPostprocessing = 0;
		};
		8D99E5C32B2592530030C281 /* Resources */ = {
			isa = PBXResourcesBuildPhase;
			buildActionMask = 2147483647;
			files = (
			);
			runOnlyForDeploymentPostprocessing = 0;
		};
		8D99E5CD2B2592530030C281 /* Resources */ = {
			isa = PBXResourcesBuildPhase;
			buildActionMask = 2147483647;
			files = (
			);
			runOnlyForDeploymentPostprocessing = 0;
		};
/* End PBXResourcesBuildPhase section */

/* Begin PBXSourcesBuildPhase section */
		8D99E5A62B25924F0030C281 /* Sources */ = {
			isa = PBXSourcesBuildPhase;
			buildActionMask = 2147483647;
			files = (
				8D99E5F32B25EA290030C281 /* DataViewController.m in Sources */,
				8D99E5B52B25924F0030C281 /* ViewController.m in Sources */,
				8D99E5AF2B25924F0030C281 /* AppDelegate.m in Sources */,
				8D99E5E42B2592870030C281 /* MineViewController.m in Sources */,
				8D99E6022B26D5930030C281 /* LoginViewController.m in Sources */,
				8D99E5C02B2592520030C281 /* main.m in Sources */,
				8D99E5EB2B25C8D90030C281 /* MineTableViewCell.m in Sources */,
				8D99E5B22B25924F0030C281 /* SceneDelegate.m in Sources */,
				8D99E5EE2B25D0AF0030C281 /* SettingTableViewCell.m in Sources */,
				8D99E5FE2B26A9980030C281 /* AlterViewController.m in Sources */,
			);
			runOnlyForDeploymentPostprocessing = 0;
		};
		8D99E5C12B2592530030C281 /* Sources */ = {
			isa = PBXSourcesBuildPhase;
			buildActionMask = 2147483647;
			files = (
				8D99E5CA2B2592530030C281 /* threeTests.m in Sources */,
			);
			runOnlyForDeploymentPostprocessing = 0;
		};
		8D99E5CB2B2592530030C281 /* Sources */ = {
			isa = PBXSourcesBuildPhase;
			buildActionMask = 2147483647;
			files = (
				8D99E5D42B2592530030C281 /* threeUITests.m in Sources */,
				8D99E5D62B2592530030C281 /* threeUITestsLaunchTests.m in Sources */,
			);
			runOnlyForDeploymentPostprocessing = 0;
		};
/* End PBXSourcesBuildPhase section */

/* Begin PBXTargetDependency section */
		8D99E5C72B2592530030C281 /* PBXTargetDependency */ = {
			isa = PBXTargetDependency;
			target = 8D99E5A92B25924F0030C281 /* three */;
			targetProxy = 8D99E5C62B2592530030C281 /* PBXContainerItemProxy */;
		};
		8D99E5D12B2592530030C281 /* PBXTargetDependency */ = {
			isa = PBXTargetDependency;
			target = 8D99E5A92B25924F0030C281 /* three */;
			targetProxy = 8D99E5D02B2592530030C281 /* PBXContainerItemProxy */;
		};
/* End PBXTargetDependency section */

/* Begin PBXVariantGroup section */
		8D99E5B62B25924F0030C281 /* Main.storyboard */ = {
			isa = PBXVariantGroup;
			children = (
				8D99E5B72B25924F0030C281 /* Base */,
			);
			name = Main.storyboard;
			sourceTree = "<group>";
		};
		8D99E5BB2B2592520030C281 /* LaunchScreen.storyboard */ = {
			isa = PBXVariantGroup;
			children = (
				8D99E5BC2B2592520030C281 /* Base */,
			);
			name = LaunchScreen.storyboard;
			sourceTree = "<group>";
		};
/* End PBXVariantGroup section */

/* Begin XCBuildConfiguration section */
		8D99E5D72B2592530030C281 /* Debug */ = {
			isa = XCBuildConfiguration;
			buildSettings = {
				ALWAYS_SEARCH_USER_PATHS = NO;
				ASSETCATALOG_COMPILER_GENERATE_SWIFT_ASSET_SYMBOL_EXTENSIONS = YES;
				CLANG_ANALYZER_NONNULL = YES;
				CLANG_ANALYZER_NUMBER_OBJECT_CONVERSION = YES_AGGRESSIVE;
				CLANG_CXX_LANGUAGE_STANDARD = "gnu++20";
				CLANG_ENABLE_MODULES = YES;
				CLANG_ENABLE_OBJC_ARC = YES;
				CLANG_ENABLE_OBJC_WEAK = YES;
				CLANG_WARN_BLOCK_CAPTURE_AUTORELEASING = YES;
				CLANG_WARN_BOOL_CONVERSION = YES;
				CLANG_WARN_COMMA = YES;
				CLANG_WARN_CONSTANT_CONVERSION = YES;
				CLANG_WARN_DEPRECATED_OBJC_IMPLEMENTATIONS = YES;
				CLANG_WARN_DIRECT_OBJC_ISA_USAGE = YES_ERROR;
				CLANG_WARN_DOCUMENTATION_COMMENTS = YES;
				CLANG_WARN_EMPTY_BODY = YES;
				CLANG_WARN_ENUM_CONVERSION = YES;
				CLANG_WARN_INFINITE_RECURSION = YES;
				CLANG_WARN_INT_CONVERSION = YES;
				CLANG_WARN_NON_LITERAL_NULL_CONVERSION = YES;
				CLANG_WARN_OBJC_IMPLICIT_RETAIN_SELF = YES;
				CLANG_WARN_OBJC_LITERAL_CONVERSION = YES;
				CLANG_WARN_OBJC_ROOT_CLASS = YES_ERROR;
				CLANG_WARN_QUOTED_INCLUDE_IN_FRAMEWORK_HEADER = YES;
				CLANG_WARN_RANGE_LOOP_ANALYSIS = YES;
				CLANG_WARN_STRICT_PROTOTYPES = YES;
				CLANG_WARN_SUSPICIOUS_MOVE = YES;
				CLANG_WARN_UNGUARDED_AVAILABILITY = YES_AGGRESSIVE;
				CLANG_WARN_UNREACHABLE_CODE = YES;
				CLANG_WARN__DUPLICATE_METHOD_MATCH = YES;
				COPY_PHASE_STRIP = NO;
				DEBUG_INFORMATION_FORMAT = dwarf;
				ENABLE_STRICT_OBJC_MSGSEND = YES;
				ENABLE_TESTABILITY = YES;
				ENABLE_USER_SCRIPT_SANDBOXING = YES;
				GCC_C_LANGUAGE_STANDARD = gnu17;
				GCC_DYNAMIC_NO_PIC = NO;
				GCC_NO_COMMON_BLOCKS = YES;
				GCC_OPTIMIZATION_LEVEL = 0;
				GCC_PREPROCESSOR_DEFINITIONS = (
					"DEBUG=1",
					"$(inherited)",
				);
				GCC_WARN_64_TO_32_BIT_CONVERSION = YES;
				GCC_WARN_ABOUT_RETURN_TYPE = YES_ERROR;
				GCC_WARN_UNDECLARED_SELECTOR = YES;
				GCC_WARN_UNINITIALIZED_AUTOS = YES_AGGRESSIVE;
				GCC_WARN_UNUSED_FUNCTION = YES;
				GCC_WARN_UNUSED_VARIABLE = YES;
				IPHONEOS_DEPLOYMENT_TARGET = 17.0;
				LOCALIZATION_PREFERS_STRING_CATALOGS = YES;
				MTL_ENABLE_DEBUG_INFO = INCLUDE_SOURCE;
				MTL_FAST_MATH = YES;
				ONLY_ACTIVE_ARCH = YES;
				SDKROOT = iphoneos;
			};
			name = Debug;
		};
		8D99E5D82B2592530030C281 /* Release */ = {
			isa = XCBuildConfiguration;
			buildSettings = {
				ALWAYS_SEARCH_USER_PATHS = NO;
				ASSETCATALOG_COMPILER_GENERATE_SWIFT_ASSET_SYMBOL_EXTENSIONS = YES;
				CLANG_ANALYZER_NONNULL = YES;
				CLANG_ANALYZER_NUMBER_OBJECT_CONVERSION = YES_AGGRESSIVE;
				CLANG_CXX_LANGUAGE_STANDARD = "gnu++20";
				CLANG_ENABLE_MODULES = YES;
				CLANG_ENABLE_OBJC_ARC = YES;
				CLANG_ENABLE_OBJC_WEAK = YES;
				CLANG_WARN_BLOCK_CAPTURE_AUTORELEASING = YES;
				CLANG_WARN_BOOL_CONVERSION = YES;
				CLANG_WARN_COMMA = YES;
				CLANG_WARN_CONSTANT_CONVERSION = YES;
				CLANG_WARN_DEPRECATED_OBJC_IMPLEMENTATIONS = YES;
				CLANG_WARN_DIRECT_OBJC_ISA_USAGE = YES_ERROR;
				CLANG_WARN_DOCUMENTATION_COMMENTS = YES;
				CLANG_WARN_EMPTY_BODY = YES;
				CLANG_WARN_ENUM_CONVERSION = YES;
				CLANG_WARN_INFINITE_RECURSION = YES;
				CLANG_WARN_INT_CONVERSION = YES;
				CLANG_WARN_NON_LITERAL_NULL_CONVERSION = YES;
				CLANG_WARN_OBJC_IMPLICIT_RETAIN_SELF = YES;
				CLANG_WARN_OBJC_LITERAL_CONVERSION = YES;
				CLANG_WARN_OBJC_ROOT_CLASS = YES_ERROR;
				CLANG_WARN_QUOTED_INCLUDE_IN_FRAMEWORK_HEADER = YES;
				CLANG_WARN_RANGE_LOOP_ANALYSIS = YES;
				CLANG_WARN_STRICT_PROTOTYPES = YES;
				CLANG_WARN_SUSPICIOUS_MOVE = YES;
				CLANG_WARN_UNGUARDED_AVAILABILITY = YES_AGGRESSIVE;
				CLANG_WARN_UNREACHABLE_CODE = YES;
				CLANG_WARN__DUPLICATE_METHOD_MATCH = YES;
				COPY_PHASE_STRIP = NO;
				DEBUG_INFORMATION_FORMAT = "dwarf-with-dsym";
				ENABLE_NS_ASSERTIONS = NO;
				ENABLE_STRICT_OBJC_MSGSEND = YES;
				ENABLE_USER_SCRIPT_SANDBOXING = YES;
				GCC_C_LANGUAGE_STANDARD = gnu17;
				GCC_NO_COMMON_BLOCKS = YES;
				GCC_WARN_64_TO_32_BIT_CONVERSION = YES;
				GCC_WARN_ABOUT_RETURN_TYPE = YES_ERROR;
				GCC_WARN_UNDECLARED_SELECTOR = YES;
				GCC_WARN_UNINITIALIZED_AUTOS = YES_AGGRESSIVE;
				GCC_WARN_UNUSED_FUNCTION = YES;
				GCC_WARN_UNUSED_VARIABLE = YES;
				IPHONEOS_DEPLOYMENT_TARGET = 17.0;
				LOCALIZATION_PREFERS_STRING_CATALOGS = YES;
				MTL_ENABLE_DEBUG_INFO = NO;
				MTL_FAST_MATH = YES;
				SDKROOT = iphoneos;
				VALIDATE_PRODUCT = YES;
			};
			name = Release;
		};
		8D99E5DA2B2592530030C281 /* Debug */ = {
			isa = XCBuildConfiguration;
			buildSettings = {
				ASSETCATALOG_COMPILER_APPICON_NAME = AppIcon;
				ASSETCATALOG_COMPILER_GLOBAL_ACCENT_COLOR_NAME = AccentColor;
				CODE_SIGN_STYLE = Automatic;
				CURRENT_PROJECT_VERSION = 1;
				GENERATE_INFOPLIST_FILE = YES;
				INFOPLIST_FILE = three/Info.plist;
				INFOPLIST_KEY_UIApplicationSupportsIndirectInputEvents = YES;
				INFOPLIST_KEY_UILaunchStoryboardName = LaunchScreen;
				INFOPLIST_KEY_UIMainStoryboardFile = Main;
				INFOPLIST_KEY_UISupportedInterfaceOrientations_iPad = "UIInterfaceOrientationPortrait UIInterfaceOrientationPortraitUpsideDown UIInterfaceOrientationLandscapeLeft UIInterfaceOrientationLandscapeRight";
				INFOPLIST_KEY_UISupportedInterfaceOrientations_iPhone = "UIInterfaceOrientationPortrait UIInterfaceOrientationLandscapeLeft UIInterfaceOrientationLandscapeRight";
				LD_RUNPATH_SEARCH_PATHS = (
					"$(inherited)",
					"@executable_path/Frameworks",
				);
				MARKETING_VERSION = 1.0;
				PRODUCT_BUNDLE_IDENTIFIER = cuH.three;
				PRODUCT_NAME = "$(TARGET_NAME)";
				SWIFT_EMIT_LOC_STRINGS = YES;
				TARGETED_DEVICE_FAMILY = "1,2";
			};
			name = Debug;
		};
		8D99E5DB2B2592530030C281 /* Release */ = {
			isa = XCBuildConfiguration;
			buildSettings = {
				ASSETCATALOG_COMPILER_APPICON_NAME = AppIcon;
				ASSETCATALOG_COMPILER_GLOBAL_ACCENT_COLOR_NAME = AccentColor;
				CODE_SIGN_STYLE = Automatic;
				CURRENT_PROJECT_VERSION = 1;
				GENERATE_INFOPLIST_FILE = YES;
				INFOPLIST_FILE = three/Info.plist;
				INFOPLIST_KEY_UIApplicationSupportsIndirectInputEvents = YES;
				INFOPLIST_KEY_UILaunchStoryboardName = LaunchScreen;
				INFOPLIST_KEY_UIMainStoryboardFile = Main;
				INFOPLIST_KEY_UISupportedInterfaceOrientations_iPad = "UIInterfaceOrientationPortrait UIInterfaceOrientationPortraitUpsideDown UIInterfaceOrientationLandscapeLeft UIInterfaceOrientationLandscapeRight";
				INFOPLIST_KEY_UISupportedInterfaceOrientations_iPhone = "UIInterfaceOrientationPortrait UIInterfaceOrientationLandscapeLeft UIInterfaceOrientationLandscapeRight";
				LD_RUNPATH_SEARCH_PATHS = (
					"$(inherited)",
					"@executable_path/Frameworks",
				);
				MARKETING_VERSION = 1.0;
				PRODUCT_BUNDLE_IDENTIFIER = cuH.three;
				PRODUCT_NAME = "$(TARGET_NAME)";
				SWIFT_EMIT_LOC_STRINGS = YES;
				TARGETED_DEVICE_FAMILY = "1,2";
			};
			name = Release;
		};
		8D99E5DD2B2592530030C281 /* Debug */ = {
			isa = XCBuildConfiguration;
			buildSettings = {
				BUNDLE_LOADER = "$(TEST_HOST)";
				CODE_SIGN_STYLE = Automatic;
				CURRENT_PROJECT_VERSION = 1;
				GENERATE_INFOPLIST_FILE = YES;
				IPHONEOS_DEPLOYMENT_TARGET = 17.0;
				MARKETING_VERSION = 1.0;
				PRODUCT_BUNDLE_IDENTIFIER = cuH.threeTests;
				PRODUCT_NAME = "$(TARGET_NAME)";
				SWIFT_EMIT_LOC_STRINGS = NO;
				TARGETED_DEVICE_FAMILY = "1,2";
				TEST_HOST = "$(BUILT_PRODUCTS_DIR)/three.app/$(BUNDLE_EXECUTABLE_FOLDER_PATH)/three";
			};
			name = Debug;
		};
		8D99E5DE2B2592530030C281 /* Release */ = {
			isa = XCBuildConfiguration;
			buildSettings = {
				BUNDLE_LOADER = "$(TEST_HOST)";
				CODE_SIGN_STYLE = Automatic;
				CURRENT_PROJECT_VERSION = 1;
				GENERATE_INFOPLIST_FILE = YES;
				IPHONEOS_DEPLOYMENT_TARGET = 17.0;
				MARKETING_VERSION = 1.0;
				PRODUCT_BUNDLE_IDENTIFIER = cuH.threeTests;
				PRODUCT_NAME = "$(TARGET_NAME)";
				SWIFT_EMIT_LOC_STRINGS = NO;
				TARGETED_DEVICE_FAMILY = "1,2";
				TEST_HOST = "$(BUILT_PRODUCTS_DIR)/three.app/$(BUNDLE_EXECUTABLE_FOLDER_PATH)/three";
			};
			name = Release;
		};
		8D99E5E02B2592530030C281 /* Debug */ = {
			isa = XCBuildConfiguration;
			buildSettings = {
				CODE_SIGN_STYLE = Automatic;
				CURRENT_PROJECT_VERSION = 1;
				GENERATE_INFOPLIST_FILE = YES;
				MARKETING_VERSION = 1.0;
				PRODUCT_BUNDLE_IDENTIFIER = cuH.threeUITests;
				PRODUCT_NAME = "$(TARGET_NAME)";
				SWIFT_EMIT_LOC_STRINGS = NO;
				TARGETED_DEVICE_FAMILY = "1,2";
				TEST_TARGET_NAME = three;
			};
			name = Debug;
		};
		8D99E5E12B2592530030C281 /* Release */ = {
			isa = XCBuildConfiguration;
			buildSettings = {
				CODE_SIGN_STYLE = Automatic;
				CURRENT_PROJECT_VERSION = 1;
				GENERATE_INFOPLIST_FILE = YES;
				MARKETING_VERSION = 1.0;
				PRODUCT_BUNDLE_IDENTIFIER = cuH.threeUITests;
				PRODUCT_NAME = "$(TARGET_NAME)";
				SWIFT_EMIT_LOC_STRINGS = NO;
				TARGETED_DEVICE_FAMILY = "1,2";
				TEST_TARGET_NAME = three;
			};
			name = Release;
		};
/* End XCBuildConfiguration section */

/* Begin XCConfigurationList section */
		8D99E5A52B25924F0030C281 /* Build configuration list for PBXProject "three" */ = {
			isa = XCConfigurationList;
			buildConfigurations = (
				8D99E5D72B2592530030C281 /* Debug */,
				8D99E5D82B2592530030C281 /* Release */,
			);
			defaultConfigurationIsVisible = 0;
			defaultConfigurationName = Release;
		};
		8D99E5D92B2592530030C281 /* Build configuration list for PBXNativeTarget "three" */ = {
			isa = XCConfigurationList;
			buildConfigurations = (
				8D99E5DA2B2592530030C281 /* Debug */,
				8D99E5DB2B2592530030C281 /* Release */,
			);
			defaultConfigurationIsVisible = 0;
			defaultConfigurationName = Release;
		};
		8D99E5DC2B2592530030C281 /* Build configuration list for PBXNativeTarget "threeTests" */ = {
			isa = XCConfigurationList;
			buildConfigurations = (
				8D99E5DD2B2592530030C281 /* Debug */,
				8D99E5DE2B2592530030C281 /* Release */,
			);
			defaultConfigurationIsVisible = 0;
			defaultConfigurationName = Release;
		};
		8D99E5DF2B2592530030C281 /* Build configuration list for PBXNativeTarget "threeUITests" */ = {
			isa = XCConfigurationList;
			buildConfigurations = (
				8D99E5E02B2592530030C281 /* Debug */,
				8D99E5E12B2592530030C281 /* Release */,
			);
			defaultConfigurationIsVisible = 0;
			defaultConfigurationName = Release;
		};
/* End XCConfigurationList section */
	};
	rootObject = 8D99E5A22B25924F0030C281 /* Project object */;
}
